
Microsoft Visual Studio Solution File, Format Version 12.00
# Visual Studio 15
VisualStudioVersion = 15.0.27004.2006
MinimumVisualStudioVersion = 10.0.40219.1
Project("{FAE04EC0-301F-11D3-BF4B-00C04F79EFBC}") = "Pulstar.Common", "Pulstar.Common\Pulstar.Common.csproj", "{FB151801-A6D3-4EDB-BAD5-A407EF1B43BD}"
EndProject
Project("{FAE04EC0-301F-11D3-BF4B-00C04F79EFBC}") = "Pulstar.Data", "Pulstar.Data\Pulstar.Data.csproj", "{15A684DC-7841-4C25-B976-3D5CF58C226D}"
EndProject
Project("{FAE04EC0-301F-11D3-BF4B-00C04F79EFBC}") = "Pulstar.Services", "Pulstar.Services\Pulstar.Services.csproj", "{08BF4D6C-1FF5-4AEF-91E5-6BA918F9C4B0}"
EndProject
Project("{FAE04EC0-301F-11D3-BF4B-00C04F79EFBC}") = "Pulstar.Services.Interfaces", "Pulstar.Services.Interfaces\Pulstar.Services.Interfaces.csproj", "{29B0487A-3C5C-4191-82B5-89A20C70D5BA}"
EndProject
Project("{FAE04EC0-301F-11D3-BF4B-00C04F79EFBC}") = "Pulstar.Web", "Pulstar.Web\Pulstar.Web.csproj", "{0D775DD7-C3D0-4E51-A098-D29F56A7BA58}"
EndProject
Project("{FAE04EC0-301F-11D3-BF4B-00C04F79EFBC}") = "Pulstar.Models", "Pulstar.Models\Pulstar.Models.csproj", "{79AE74E5-03D1-49F1-BDE4-D6451C2BFE1B}"
EndProject
Global
	GlobalSection(SolutionConfigurationPlatforms) = preSolution
		Debug|Any CPU = Debug|Any CPU
		Release|Any CPU = Release|Any CPU
	EndGlobalSection
	GlobalSection(ProjectConfigurationPlatforms) = postSolution
		{FB151801-A6D3-4EDB-BAD5-A407EF1B43BD}.Debug|Any CPU.ActiveCfg = Debug|Any CPU
		{FB151801-A6D3-4EDB-BAD5-A407EF1B43BD}.Debug|Any CPU.Build.0 = Debug|Any CPU
		{FB151801-A6D3-4EDB-BAD5-A407EF1B43BD}.Release|Any CPU.ActiveCfg = Release|Any CPU
		{FB151801-A6D3-4EDB-BAD5-A407EF1B43BD}.Release|Any CPU.Build.0 = Release|Any CPU
		{15A684DC-7841-4C25-B976-3D5CF58C226D}.Debug|Any CPU.ActiveCfg = Debug|Any CPU
		{15A684DC-7841-4C25-B976-3D5CF58C226D}.Debug|Any CPU.Build.0 = Debug|Any CPU
		{15A684DC-7841-4C25-B976-3D5CF58C226D}.Release|Any CPU.ActiveCfg = Release|Any CPU
		{15A684DC-7841-4C25-B976-3D5CF58C226D}.Release|Any CPU.Build.0 = Release|Any CPU
		{08BF4D6C-1FF5-4AEF-91E5-6BA918F9C4B0}.Debug|Any CPU.ActiveCfg = Debug|Any CPU
		{08BF4D6C-1FF5-4AEF-91E5-6BA918F9C4B0}.Debug|Any CPU.Build.0 = Debug|Any CPU
		{08BF4D6C-1FF5-4AEF-91E5-6BA918F9C4B0}.Release|Any CPU.ActiveCfg = Release|Any CPU
		{08BF4D6C-1FF5-4AEF-91E5-6BA918F9C4B0}.Release|Any CPU.Build.0 = Release|Any CPU
		{29B0487A-3C5C-4191-82B5-89A20C70D5BA}.Debug|Any CPU.ActiveCfg = Debug|Any CPU
		{29B0487A-3C5C-4191-82B5-89A20C70D5BA}.Debug|Any CPU.Build.0 = Debug|Any CPU
		{29B0487A-3C5C-4191-82B5-89A20C70D5BA}.Release|Any CPU.ActiveCfg = Release|Any CPU
		{29B0487A-3C5C-4191-82B5-89A20C70D5BA}.Release|Any CPU.Build.0 = Release|Any CPU
		{0D775DD7-C3D0-4E51-A098-D29F56A7BA58}.Debug|Any CPU.ActiveCfg = Debug|Any CPU
		{0D775DD7-C3D0-4E51-A098-D29F56A7BA58}.Debug|Any CPU.Build.0 = Debug|Any CPU
		{0D775DD7-C3D0-4E51-A098-D29F56A7BA58}.Release|Any CPU.ActiveCfg = Release|Any CPU
		{0D775DD7-C3D0-4E51-A098-D29F56A7BA58}.Release|Any CPU.Build.0 = Release|Any CPU
		{79AE74E5-03D1-49F1-BDE4-D6451C2BFE1B}.Debug|Any CPU.ActiveCfg = Debug|Any CPU
		{79AE74E5-03D1-49F1-BDE4-D6451C2BFE1B}.Debug|Any CPU.Build.0 = Debug|Any CPU
		{79AE74E5-03D1-49F1-BDE4-D6451C2BFE1B}.Release|Any CPU.ActiveCfg = Release|Any CPU
		{79AE74E5-03D1-49F1-BDE4-D6451C2BFE1B}.Release|Any CPU.Build.0 = Release|Any CPU
	EndGlobalSection
	GlobalSection(SolutionProperties) = preSolution
		HideSolutionNode = FALSE
	EndGlobalSection
	GlobalSection(ExtensibilityGlobals) = postSolution
		SolutionGuid = {2867F749-BCA3-465C-ACF5-19D77F971698}
	EndGlobalSection
EndGlobal
