
Microsoft Visual Studio Solution File, Format Version 12.00
# Visual Studio 15
VisualStudioVersion = 15.0.27004.2006
MinimumVisualStudioVersion = 10.0.40219.1
Project("{9A19103F-16F7-4668-BE54-9A1E7A4F7556}") = "Pulstar.Common", "Pulstar.Common\Pulstar.Common.csproj", "{FB151801-A6D3-4EDB-BAD5-A407EF1B43BD}"
EndProject
Project("{9A19103F-16F7-4668-BE54-9A1E7A4F7556}") = "Pulstar.Data", "Pulstar.Data\Pulstar.Data.csproj", "{15A684DC-7841-4C25-B976-3D5CF58C226D}"
EndProject
Project("{9A19103F-16F7-4668-BE54-9A1E7A4F7556}") = "Pulstar.Services", "Pulstar.Services\Pulstar.Services.csproj", "{08BF4D6C-1FF5-4AEF-91E5-6BA918F9C4B0}"
EndProject
Project("{9A19103F-16F7-4668-BE54-9A1E7A4F7556}") = "Pulstar.Services.Interfaces", "Pulstar.Services.Interfaces\Pulstar.Services.Interfaces.csproj", "{29B0487A-3C5C-4191-82B5-89A20C70D5BA}"
EndProject
Project("{9A19103F-16F7-4668-BE54-9A1E7A4F7556}") = "Pulstar.Web", "Pulstar.Web\Pulstar.Web.csproj", "{0D775DD7-C3D0-4E51-A098-D29F56A7BA58}"
EndProject
Project("{9A19103F-16F7-4668-BE54-9A1E7A4F7556}") = "Pulstar.Models", "Pulstar.Models\Pulstar.Models.csproj", "{79AE74E5-03D1-49F1-BDE4-D6451C2BFE1B}"
EndProject
Project("{9A19103F-16F7-4668-BE54-9A1E7A4F7556}") = "Pulstar.Common.Interfaces", "Pulstar.Common.Interfaces\Pulstar.Common.Interfaces.csproj", "{33523B61-6B79-4C5F-8A4D-909D4D9DBD52}"
EndProject
Project("{9A19103F-16F7-4668-BE54-9A1E7A4F7556}") = "Pulstar.Services.UnitTests", "..\tests\Pulstar.Services.UnitTests\Pulstar.Services.UnitTests.csproj", "{37A483DF-9BCC-4DA1-9C57-7F495A0E7293}"
EndProject
Project("{9A19103F-16F7-4668-BE54-9A1E7A4F7556}") = "Pulstar.Web.IntegrationTests", "..\tests\Pulstar.Web.IntegrationTests\Pulstar.Web.IntegrationTests.csproj", "{B32A0209-BCA0-4226-AB53-808E8FA6F89C}"
EndProject
Project("{9A19103F-16F7-4668-BE54-9A1E7A4F7556}") = "Pulstar.TestUtils", "..\tests\Pulstar.TestUtils\Pulstar.TestUtils.csproj", "{18827B76-485D-42F1-BDC8-A8E71E6EE604}"
EndProject
Project("{2150E333-8FDC-42A3-9474-1A3956D46DE8}") = "Data", "Data", "{6551D4BC-D493-4DA7-BDAC-001C02A94A87}"
EndProject
Project("{2150E333-8FDC-42A3-9474-1A3956D46DE8}") = "Services", "Services", "{05B17383-57BF-4E61-B2C9-4AE6F22D4C7B}"
EndProject
Project("{2150E333-8FDC-42A3-9474-1A3956D46DE8}") = "Common", "Common", "{F9FEDBA7-84E6-4162-8E0F-6F11266CE820}"
EndProject
Project("{2150E333-8FDC-42A3-9474-1A3956D46DE8}") = "Tests", "Tests", "{A6F67D12-EA2F-4D36-BD78-A19DA4DB6234}"
EndProject
Project("{9A19103F-16F7-4668-BE54-9A1E7A4F7556}") = "Pulstar.DataModels", "Pulstar.DataModels\Pulstar.DataModels.csproj", "{7141DCBB-71D6-461B-82B8-5D45A8CDB257}"
EndProject
Project("{FAE04EC0-301F-11D3-BF4B-00C04F79EFBC}") = "Pulstar.Data.Interfaces", "Pulstar.Data.Interfaces\Pulstar.Data.Interfaces.csproj", "{02916FE1-3C40-4CC7-B280-2D4629D6A479}"
EndProject
Global
	GlobalSection(SolutionConfigurationPlatforms) = preSolution
		Debug|Any CPU = Debug|Any CPU
		Release|Any CPU = Release|Any CPU
	EndGlobalSection
	GlobalSection(ProjectConfigurationPlatforms) = postSolution
		{FB151801-A6D3-4EDB-BAD5-A407EF1B43BD}.Debug|Any CPU.ActiveCfg = Debug|Any CPU
		{FB151801-A6D3-4EDB-BAD5-A407EF1B43BD}.Debug|Any CPU.Build.0 = Debug|Any CPU
		{FB151801-A6D3-4EDB-BAD5-A407EF1B43BD}.Release|Any CPU.ActiveCfg = Release|Any CPU
		{FB151801-A6D3-4EDB-BAD5-A407EF1B43BD}.Release|Any CPU.Build.0 = Release|Any CPU
		{15A684DC-7841-4C25-B976-3D5CF58C226D}.Debug|Any CPU.ActiveCfg = Debug|Any CPU
		{15A684DC-7841-4C25-B976-3D5CF58C226D}.Debug|Any CPU.Build.0 = Debug|Any CPU
		{15A684DC-7841-4C25-B976-3D5CF58C226D}.Release|Any CPU.ActiveCfg = Release|Any CPU
		{15A684DC-7841-4C25-B976-3D5CF58C226D}.Release|Any CPU.Build.0 = Release|Any CPU
		{08BF4D6C-1FF5-4AEF-91E5-6BA918F9C4B0}.Debug|Any CPU.ActiveCfg = Debug|Any CPU
		{08BF4D6C-1FF5-4AEF-91E5-6BA918F9C4B0}.Debug|Any CPU.Build.0 = Debug|Any CPU
		{08BF4D6C-1FF5-4AEF-91E5-6BA918F9C4B0}.Release|Any CPU.ActiveCfg = Release|Any CPU
		{08BF4D6C-1FF5-4AEF-91E5-6BA918F9C4B0}.Release|Any CPU.Build.0 = Release|Any CPU
		{29B0487A-3C5C-4191-82B5-89A20C70D5BA}.Debug|Any CPU.ActiveCfg = Debug|Any CPU
		{29B0487A-3C5C-4191-82B5-89A20C70D5BA}.Debug|Any CPU.Build.0 = Debug|Any CPU
		{29B0487A-3C5C-4191-82B5-89A20C70D5BA}.Release|Any CPU.ActiveCfg = Release|Any CPU
		{29B0487A-3C5C-4191-82B5-89A20C70D5BA}.Release|Any CPU.Build.0 = Release|Any CPU
		{0D775DD7-C3D0-4E51-A098-D29F56A7BA58}.Debug|Any CPU.ActiveCfg = Debug|Any CPU
		{0D775DD7-C3D0-4E51-A098-D29F56A7BA58}.Debug|Any CPU.Build.0 = Debug|Any CPU
		{0D775DD7-C3D0-4E51-A098-D29F56A7BA58}.Release|Any CPU.ActiveCfg = Release|Any CPU
		{0D775DD7-C3D0-4E51-A098-D29F56A7BA58}.Release|Any CPU.Build.0 = Release|Any CPU
		{79AE74E5-03D1-49F1-BDE4-D6451C2BFE1B}.Debug|Any CPU.ActiveCfg = Debug|Any CPU
		{79AE74E5-03D1-49F1-BDE4-D6451C2BFE1B}.Debug|Any CPU.Build.0 = Debug|Any CPU
		{79AE74E5-03D1-49F1-BDE4-D6451C2BFE1B}.Release|Any CPU.ActiveCfg = Release|Any CPU
		{79AE74E5-03D1-49F1-BDE4-D6451C2BFE1B}.Release|Any CPU.Build.0 = Release|Any CPU
		{33523B61-6B79-4C5F-8A4D-909D4D9DBD52}.Debug|Any CPU.ActiveCfg = Debug|Any CPU
		{33523B61-6B79-4C5F-8A4D-909D4D9DBD52}.Debug|Any CPU.Build.0 = Debug|Any CPU
		{33523B61-6B79-4C5F-8A4D-909D4D9DBD52}.Release|Any CPU.ActiveCfg = Release|Any CPU
		{33523B61-6B79-4C5F-8A4D-909D4D9DBD52}.Release|Any CPU.Build.0 = Release|Any CPU
		{37A483DF-9BCC-4DA1-9C57-7F495A0E7293}.Debug|Any CPU.ActiveCfg = Debug|Any CPU
		{37A483DF-9BCC-4DA1-9C57-7F495A0E7293}.Debug|Any CPU.Build.0 = Debug|Any CPU
		{37A483DF-9BCC-4DA1-9C57-7F495A0E7293}.Release|Any CPU.ActiveCfg = Release|Any CPU
		{37A483DF-9BCC-4DA1-9C57-7F495A0E7293}.Release|Any CPU.Build.0 = Release|Any CPU
		{B32A0209-BCA0-4226-AB53-808E8FA6F89C}.Debug|Any CPU.ActiveCfg = Debug|Any CPU
		{B32A0209-BCA0-4226-AB53-808E8FA6F89C}.Debug|Any CPU.Build.0 = Debug|Any CPU
		{B32A0209-BCA0-4226-AB53-808E8FA6F89C}.Release|Any CPU.ActiveCfg = Release|Any CPU
		{B32A0209-BCA0-4226-AB53-808E8FA6F89C}.Release|Any CPU.Build.0 = Release|Any CPU
		{18827B76-485D-42F1-BDC8-A8E71E6EE604}.Debug|Any CPU.ActiveCfg = Debug|Any CPU
		{18827B76-485D-42F1-BDC8-A8E71E6EE604}.Debug|Any CPU.Build.0 = Debug|Any CPU
		{18827B76-485D-42F1-BDC8-A8E71E6EE604}.Release|Any CPU.ActiveCfg = Release|Any CPU
		{18827B76-485D-42F1-BDC8-A8E71E6EE604}.Release|Any CPU.Build.0 = Release|Any CPU
		{7141DCBB-71D6-461B-82B8-5D45A8CDB257}.Debug|Any CPU.ActiveCfg = Debug|Any CPU
		{7141DCBB-71D6-461B-82B8-5D45A8CDB257}.Debug|Any CPU.Build.0 = Debug|Any CPU
		{7141DCBB-71D6-461B-82B8-5D45A8CDB257}.Release|Any CPU.ActiveCfg = Release|Any CPU
		{7141DCBB-71D6-461B-82B8-5D45A8CDB257}.Release|Any CPU.Build.0 = Release|Any CPU
		{02916FE1-3C40-4CC7-B280-2D4629D6A479}.Debug|Any CPU.ActiveCfg = Debug|Any CPU
		{02916FE1-3C40-4CC7-B280-2D4629D6A479}.Debug|Any CPU.Build.0 = Debug|Any CPU
		{02916FE1-3C40-4CC7-B280-2D4629D6A479}.Release|Any CPU.ActiveCfg = Release|Any CPU
		{02916FE1-3C40-4CC7-B280-2D4629D6A479}.Release|Any CPU.Build.0 = Release|Any CPU
	EndGlobalSection
	GlobalSection(SolutionProperties) = preSolution
		HideSolutionNode = FALSE
	EndGlobalSection
	GlobalSection(NestedProjects) = preSolution
		{FB151801-A6D3-4EDB-BAD5-A407EF1B43BD} = {F9FEDBA7-84E6-4162-8E0F-6F11266CE820}
		{15A684DC-7841-4C25-B976-3D5CF58C226D} = {6551D4BC-D493-4DA7-BDAC-001C02A94A87}
		{08BF4D6C-1FF5-4AEF-91E5-6BA918F9C4B0} = {05B17383-57BF-4E61-B2C9-4AE6F22D4C7B}
		{29B0487A-3C5C-4191-82B5-89A20C70D5BA} = {05B17383-57BF-4E61-B2C9-4AE6F22D4C7B}
		{79AE74E5-03D1-49F1-BDE4-D6451C2BFE1B} = {05B17383-57BF-4E61-B2C9-4AE6F22D4C7B}
		{33523B61-6B79-4C5F-8A4D-909D4D9DBD52} = {F9FEDBA7-84E6-4162-8E0F-6F11266CE820}
		{37A483DF-9BCC-4DA1-9C57-7F495A0E7293} = {A6F67D12-EA2F-4D36-BD78-A19DA4DB6234}
		{B32A0209-BCA0-4226-AB53-808E8FA6F89C} = {A6F67D12-EA2F-4D36-BD78-A19DA4DB6234}
		{18827B76-485D-42F1-BDC8-A8E71E6EE604} = {A6F67D12-EA2F-4D36-BD78-A19DA4DB6234}
		{7141DCBB-71D6-461B-82B8-5D45A8CDB257} = {6551D4BC-D493-4DA7-BDAC-001C02A94A87}
		{02916FE1-3C40-4CC7-B280-2D4629D6A479} = {6551D4BC-D493-4DA7-BDAC-001C02A94A87}
	EndGlobalSection
	GlobalSection(ExtensibilityGlobals) = postSolution
		SolutionGuid = {2867F749-BCA3-465C-ACF5-19D77F971698}
	EndGlobalSection
EndGlobal
